PODS:
  - IGListKit (3.4.0):
    - IGListKit/Default (= 3.4.0)
  - IGListKit/Default (3.4.0):
    - IGListKit/Diffing
  - IGListKit/Diffing (3.4.0)
  - Realm (3.7.6):
    - Realm/Headers (= 3.7.6)
  - Realm/Headers (3.7.6)
  - RxSwift (4.2.0)

DEPENDENCIES:
  - IGListKit
  - Realm
  - RxSwift

SPEC REPOS:
  https://github.com/cocoapods/specs.git:
    - IGListKit
    - Realm
    - RxSwift

SPEC CHECKSUMS:
  IGListKit: 7a5d788e9fb746bcd402baa8e8b24bc3bd2a5a07
  Realm: 9eaecad54712d6246d08ba34c10f354e4715d7d3
  RxSwift: 99e10317ddfcc7fbe01356aafd118fde4a0be104

PODFILE CHECKSUM: 772967969ed367be29ea64c9c66f5895952cbd86

COCOAPODS: 1.6.0.beta.1
